# This file is automatically @generated by Cargo.
# It is not intended for manual editing.
[[package]]
name = "linked-hash-map"
version = "0.5.3"
source = "registry+https://github.com/rust-lang/crates.io-index"
checksum = "8dd5a6d5999d9907cda8ed67bbd137d3af8085216c2ac62de5be860bd41f304a"

[[package]]
name = "p0001-two-sum"
version = "0.1.0"
dependencies = [
 "parameterized",
]

[[package]]
name = "p0053-maximum-subarray"
version = "0.1.0"
dependencies = [
 "parameterized",
]

[[package]]
name = "p0121-best-time-to-buy-and-sell-stock"
version = "0.1.0"
dependencies = [
 "parameterized",
]

[[package]]
name = "parameterized"
version = "0.3.1"
source = "registry+https://github.com/rust-lang/crates.io-index"
checksum = "a016989fe7bd507280a4242bf87aa9edbc87d68469fd6daaaf4c4765bf9e99a5"
dependencies = [
 "parameterized-macro",
]

[[package]]
name = "parameterized-macro"
version = "0.3.1"
source = "registry+https://github.com/rust-lang/crates.io-index"
checksum = "4c35d1acbab4b049fe1ce0f613038d46430ae92bb28bb441f9709ee192d4acb8"
dependencies = [
 "linked-hash-map",
 "proc-macro2",
 "quote",
 "syn",
]

[[package]]
name = "proc-macro2"
version = "1.0.24"
source = "registry+https://github.com/rust-lang/crates.io-index"
checksum = "1e0704ee1a7e00d7bb417d0770ea303c1bccbabf0ef1667dae92b5967f5f8a71"
dependencies = [
 "unicode-xid",
]

[[package]]
name = "quote"
version = "1.0.8"
source = "registry+https://github.com/rust-lang/crates.io-index"
checksum = "991431c3519a3f36861882da93630ce66b52918dcf1b8e2fd66b397fc96f28df"
dependencies = [
 "proc-macro2",
]

[[package]]
name = "syn"
version = "1.0.58"
source = "registry+https://github.com/rust-lang/crates.io-index"
checksum = "cc60a3d73ea6594cd712d830cc1f0390fd71542d8c8cd24e70cc54cdfd5e05d5"
dependencies = [
 "proc-macro2",
 "quote",
 "unicode-xid",
]

[[package]]
name = "unicode-xid"
version = "0.2.1"
source = "registry+https://github.com/rust-lang/crates.io-index"
checksum = "f7fe0bb3479651439c9112f72b6c505038574c9fbb575ed1bf3b797fa39dd564"
